
Microsoft Visual Studio Solution File, Format Version 12.00
# Visual Studio Version 17
VisualStudioVersion = 17.9.34728.123
MinimumVisualStudioVersion = 10.0.40219.1
Project("{FAE04EC0-301F-11D3-BF4B-00C04F79EFBC}") = "P2C1", "P2C1.csproj", "{414BB804-5DCF-4B32-9F23-823363DBEBFF}"
EndProject
Global
	GlobalSection(SolutionConfigurationPlatforms) = preSolution
		Debug|Any CPU = Debug|Any CPU
		Release|Any CPU = Release|Any CPU
	EndGlobalSection
	GlobalSection(ProjectConfigurationPlatforms) = postSolution
		{414BB804-5DCF-4B32-9F23-823363DBEBFF}.Debug|Any CPU.ActiveCfg = Debug|Any CPU
		{414BB804-5DCF-4B32-9F23-823363DBEBFF}.Debug|Any CPU.Build.0 = Debug|Any CPU
		{414BB804-5DCF-4B32-9F23-823363DBEBFF}.Release|Any CPU.ActiveCfg = Release|Any CPU
		{414BB804-5DCF-4B32-9F23-823363DBEBFF}.Release|Any CPU.Build.0 = Release|Any CPU
	EndGlobalSection
	GlobalSection(SolutionProperties) = preSolution
		HideSolutionNode = FALSE
	EndGlobalSection
	GlobalSection(ExtensibilityGlobals) = postSolution
		SolutionGuid = {4A9BE40A-5BE8-4C87-8B66-935DB77C3F4E}
	EndGlobalSection
EndGlobal
