
Microsoft Visual Studio Solution File, Format Version 12.00
# Visual Studio Version 17
VisualStudioVersion = 17.9.34728.123
MinimumVisualStudioVersion = 10.0.40219.1
Project("{FAE04EC0-301F-11D3-BF4B-00C04F79EFBC}") = "P3C3", "P3C3.csproj", "{64AC3C3B-B1C7-4090-96D3-C5A61D2D1E37}"
EndProject
Global
	GlobalSection(SolutionConfigurationPlatforms) = preSolution
		Debug|Any CPU = Debug|Any CPU
		Release|Any CPU = Release|Any CPU
	EndGlobalSection
	GlobalSection(ProjectConfigurationPlatforms) = postSolution
		{64AC3C3B-B1C7-4090-96D3-C5A61D2D1E37}.Debug|Any CPU.ActiveCfg = Debug|Any CPU
		{64AC3C3B-B1C7-4090-96D3-C5A61D2D1E37}.Debug|Any CPU.Build.0 = Debug|Any CPU
		{64AC3C3B-B1C7-4090-96D3-C5A61D2D1E37}.Release|Any CPU.ActiveCfg = Release|Any CPU
		{64AC3C3B-B1C7-4090-96D3-C5A61D2D1E37}.Release|Any CPU.Build.0 = Release|Any CPU
	EndGlobalSection
	GlobalSection(SolutionProperties) = preSolution
		HideSolutionNode = FALSE
	EndGlobalSection
	GlobalSection(ExtensibilityGlobals) = postSolution
		SolutionGuid = {718FBF64-18BD-43E2-9BAA-C919F79F9102}
	EndGlobalSection
EndGlobal
