
Microsoft Visual Studio Solution File, Format Version 12.00
# Visual Studio Version 17
VisualStudioVersion = 17.9.34728.123
MinimumVisualStudioVersion = 10.0.40219.1
Project("{FAE04EC0-301F-11D3-BF4B-00C04F79EFBC}") = "P1C5.2", "P1C5.2.csproj", "{15235156-FFFB-4C62-864E-ED17EB5EDEBB}"
EndProject
Global
	GlobalSection(SolutionConfigurationPlatforms) = preSolution
		Debug|Any CPU = Debug|Any CPU
		Release|Any CPU = Release|Any CPU
	EndGlobalSection
	GlobalSection(ProjectConfigurationPlatforms) = postSolution
		{15235156-FFFB-4C62-864E-ED17EB5EDEBB}.Debug|Any CPU.ActiveCfg = Debug|Any CPU
		{15235156-FFFB-4C62-864E-ED17EB5EDEBB}.Debug|Any CPU.Build.0 = Debug|Any CPU
		{15235156-FFFB-4C62-864E-ED17EB5EDEBB}.Release|Any CPU.ActiveCfg = Release|Any CPU
		{15235156-FFFB-4C62-864E-ED17EB5EDEBB}.Release|Any CPU.Build.0 = Release|Any CPU
	EndGlobalSection
	GlobalSection(SolutionProperties) = preSolution
		HideSolutionNode = FALSE
	EndGlobalSection
	GlobalSection(ExtensibilityGlobals) = postSolution
		SolutionGuid = {89ED162B-3A10-4546-BC9D-59481AA01154}
	EndGlobalSection
EndGlobal
