
Microsoft Visual Studio Solution File, Format Version 12.00
# Visual Studio Version 17
VisualStudioVersion = 17.9.34728.123
MinimumVisualStudioVersion = 10.0.40219.1
Project("{FAE04EC0-301F-11D3-BF4B-00C04F79EFBC}") = "P2C4.2", "P2C4.2.csproj", "{341F18C9-1228-456E-A11E-94F33A4384B1}"
EndProject
Global
	GlobalSection(SolutionConfigurationPlatforms) = preSolution
		Debug|Any CPU = Debug|Any CPU
		Release|Any CPU = Release|Any CPU
	EndGlobalSection
	GlobalSection(ProjectConfigurationPlatforms) = postSolution
		{341F18C9-1228-456E-A11E-94F33A4384B1}.Debug|Any CPU.ActiveCfg = Debug|Any CPU
		{341F18C9-1228-456E-A11E-94F33A4384B1}.Debug|Any CPU.Build.0 = Debug|Any CPU
		{341F18C9-1228-456E-A11E-94F33A4384B1}.Release|Any CPU.ActiveCfg = Release|Any CPU
		{341F18C9-1228-456E-A11E-94F33A4384B1}.Release|Any CPU.Build.0 = Release|Any CPU
	EndGlobalSection
	GlobalSection(SolutionProperties) = preSolution
		HideSolutionNode = FALSE
	EndGlobalSection
	GlobalSection(ExtensibilityGlobals) = postSolution
		SolutionGuid = {6EF883A3-9C99-4CFD-A1A8-91F5A58B54FC}
	EndGlobalSection
EndGlobal
