
Microsoft Visual Studio Solution File, Format Version 12.00
# Visual Studio Version 17
VisualStudioVersion = 17.9.34728.123
MinimumVisualStudioVersion = 10.0.40219.1
Project("{FAE04EC0-301F-11D3-BF4B-00C04F79EFBC}") = "P1C2.3", "P1C2.3.csproj", "{AEFF5EE5-1EBB-43F8-81F9-3436FC8501D4}"
EndProject
Global
	GlobalSection(SolutionConfigurationPlatforms) = preSolution
		Debug|Any CPU = Debug|Any CPU
		Release|Any CPU = Release|Any CPU
	EndGlobalSection
	GlobalSection(ProjectConfigurationPlatforms) = postSolution
		{AEFF5EE5-1EBB-43F8-81F9-3436FC8501D4}.Debug|Any CPU.ActiveCfg = Debug|Any CPU
		{AEFF5EE5-1EBB-43F8-81F9-3436FC8501D4}.Debug|Any CPU.Build.0 = Debug|Any CPU
		{AEFF5EE5-1EBB-43F8-81F9-3436FC8501D4}.Release|Any CPU.ActiveCfg = Release|Any CPU
		{AEFF5EE5-1EBB-43F8-81F9-3436FC8501D4}.Release|Any CPU.Build.0 = Release|Any CPU
	EndGlobalSection
	GlobalSection(SolutionProperties) = preSolution
		HideSolutionNode = FALSE
	EndGlobalSection
	GlobalSection(ExtensibilityGlobals) = postSolution
		SolutionGuid = {8C5511E5-9022-4301-A923-6ED3A3B6BBC4}
	EndGlobalSection
EndGlobal
