
Microsoft Visual Studio Solution File, Format Version 12.00
# Visual Studio Version 17
VisualStudioVersion = 17.9.34728.123
MinimumVisualStudioVersion = 10.0.40219.1
Project("{FAE04EC0-301F-11D3-BF4B-00C04F79EFBC}") = "P1C4", "P1C4.csproj", "{39EDB335-D9B3-4F3A-B6FD-BC19B0361B0E}"
EndProject
Global
	GlobalSection(SolutionConfigurationPlatforms) = preSolution
		Debug|Any CPU = Debug|Any CPU
		Release|Any CPU = Release|Any CPU
	EndGlobalSection
	GlobalSection(ProjectConfigurationPlatforms) = postSolution
		{39EDB335-D9B3-4F3A-B6FD-BC19B0361B0E}.Debug|Any CPU.ActiveCfg = Debug|Any CPU
		{39EDB335-D9B3-4F3A-B6FD-BC19B0361B0E}.Debug|Any CPU.Build.0 = Debug|Any CPU
		{39EDB335-D9B3-4F3A-B6FD-BC19B0361B0E}.Release|Any CPU.ActiveCfg = Release|Any CPU
		{39EDB335-D9B3-4F3A-B6FD-BC19B0361B0E}.Release|Any CPU.Build.0 = Release|Any CPU
	EndGlobalSection
	GlobalSection(SolutionProperties) = preSolution
		HideSolutionNode = FALSE
	EndGlobalSection
	GlobalSection(ExtensibilityGlobals) = postSolution
		SolutionGuid = {D0845194-C57E-4377-BBB4-A6A4815FE9D7}
	EndGlobalSection
EndGlobal
